
Microsoft Visual Studio Solution File, Format Version 12.00
# Visual Studio Version 16
VisualStudioVersion = 16.0.28803.352
MinimumVisualStudioVersion = 10.0.40219.1
Project("{FAE04EC0-301F-11D3-BF4B-00C04F79EFBC}") = "GLVL Converter", "GLVL Converter\GLVL Converter.csproj", "{3D99C8DC-9235-4F0D-A678-91E1868DCA2F}"
EndProject
Global
	GlobalSection(SolutionConfigurationPlatforms) = preSolution
		Debug|Any CPU = Debug|Any CPU
		Release|Any CPU = Release|Any CPU
	EndGlobalSection
	GlobalSection(ProjectConfigurationPlatforms) = postSolution
		{3D99C8DC-9235-4F0D-A678-91E1868DCA2F}.Debug|Any CPU.ActiveCfg = Debug|Any CPU
		{3D99C8DC-9235-4F0D-A678-91E1868DCA2F}.Debug|Any CPU.Build.0 = Debug|Any CPU
		{3D99C8DC-9235-4F0D-A678-91E1868DCA2F}.Release|Any CPU.ActiveCfg = Release|Any CPU
		{3D99C8DC-9235-4F0D-A678-91E1868DCA2F}.Release|Any CPU.Build.0 = Release|Any CPU
	EndGlobalSection
	GlobalSection(SolutionProperties) = preSolution
		HideSolutionNode = FALSE
	EndGlobalSection
	GlobalSection(ExtensibilityGlobals) = postSolution
		SolutionGuid = {7B5A3617-FE43-4A49-AC88-5BE29309AA69}
	EndGlobalSection
EndGlobal
