
Microsoft Visual Studio Solution File, Format Version 12.00
# Visual Studio Version 16
VisualStudioVersion = 16.0.28803.352
MinimumVisualStudioVersion = 10.0.40219.1
Project("{FAE04EC0-301F-11D3-BF4B-00C04F79EFBC}") = "SONIC THE HEDGEHOG (2006) Object Peeker", "SONIC THE HEDGEHOG (2006) Object Peeker\SONIC THE HEDGEHOG (2006) Object Peeker.csproj", "{ED1F4490-D990-48BF-8D7F-6BC09EBAEDED}"
EndProject
Global
	GlobalSection(SolutionConfigurationPlatforms) = preSolution
		Debug|Any CPU = Debug|Any CPU
		Release|Any CPU = Release|Any CPU
	EndGlobalSection
	GlobalSection(ProjectConfigurationPlatforms) = postSolution
		{ED1F4490-D990-48BF-8D7F-6BC09EBAEDED}.Debug|Any CPU.ActiveCfg = Debug|Any CPU
		{ED1F4490-D990-48BF-8D7F-6BC09EBAEDED}.Debug|Any CPU.Build.0 = Debug|Any CPU
		{ED1F4490-D990-48BF-8D7F-6BC09EBAEDED}.Release|Any CPU.ActiveCfg = Release|Any CPU
		{ED1F4490-D990-48BF-8D7F-6BC09EBAEDED}.Release|Any CPU.Build.0 = Release|Any CPU
	EndGlobalSection
	GlobalSection(SolutionProperties) = preSolution
		HideSolutionNode = FALSE
	EndGlobalSection
	GlobalSection(ExtensibilityGlobals) = postSolution
		SolutionGuid = {E2B5779E-4F03-45D3-B58E-2C6FD5AC57C2}
	EndGlobalSection
EndGlobal
